
Microsoft Visual Studio Solution File, Format Version 12.00
# Visual Studio Version 17
VisualStudioVersion = 17.11.35222.181
MinimumVisualStudioVersion = 10.0.40219.1
Project("{FAE04EC0-301F-11D3-BF4B-00C04F79EFBC}") = "Client__UDP", "Client__UDP\Client__UDP.csproj", "{AD7DCB1B-8421-4160-8839-9F7888B9A9D2}"
EndProject
Project("{FAE04EC0-301F-11D3-BF4B-00C04F79EFBC}") = "Server__UDP", "Server__UDP\Server__UDP.csproj", "{46A16404-75EE-48D1-A7E7-D91FF52C0BD6}"
EndProject
Global
	GlobalSection(SolutionConfigurationPlatforms) = preSolution
		Debug|Any CPU = Debug|Any CPU
		Release|Any CPU = Release|Any CPU
	EndGlobalSection
	GlobalSection(ProjectConfigurationPlatforms) = postSolution
		{AD7DCB1B-8421-4160-8839-9F7888B9A9D2}.Debug|Any CPU.ActiveCfg = Debug|Any CPU
		{AD7DCB1B-8421-4160-8839-9F7888B9A9D2}.Debug|Any CPU.Build.0 = Debug|Any CPU
		{AD7DCB1B-8421-4160-8839-9F7888B9A9D2}.Release|Any CPU.ActiveCfg = Release|Any CPU
		{AD7DCB1B-8421-4160-8839-9F7888B9A9D2}.Release|Any CPU.Build.0 = Release|Any CPU
		{46A16404-75EE-48D1-A7E7-D91FF52C0BD6}.Debug|Any CPU.ActiveCfg = Debug|Any CPU
		{46A16404-75EE-48D1-A7E7-D91FF52C0BD6}.Debug|Any CPU.Build.0 = Debug|Any CPU
		{46A16404-75EE-48D1-A7E7-D91FF52C0BD6}.Release|Any CPU.ActiveCfg = Release|Any CPU
		{46A16404-75EE-48D1-A7E7-D91FF52C0BD6}.Release|Any CPU.Build.0 = Release|Any CPU
	EndGlobalSection
	GlobalSection(SolutionProperties) = preSolution
		HideSolutionNode = FALSE
	EndGlobalSection
	GlobalSection(ExtensibilityGlobals) = postSolution
		SolutionGuid = {A93EDC66-29A2-4055-8580-1052FFFC942C}
	EndGlobalSection
EndGlobal
